
Microsoft Visual Studio Solution File, Format Version 12.00
# Visual Studio Version 17
VisualStudioVersion = 17.1.32328.378
MinimumVisualStudioVersion = 10.0.40219.1
Project("{FAE04EC0-301F-11D3-BF4B-00C04F79EFBC}") = "RistoranteFactory", "RistoranteFactory.csproj", "{FD4767F6-3876-49FC-9FF6-C1AA5A033640}"
EndProject
Global
	GlobalSection(SolutionConfigurationPlatforms) = preSolution
		Debug|Any CPU = Debug|Any CPU
		Release|Any CPU = Release|Any CPU
	EndGlobalSection
	GlobalSection(ProjectConfigurationPlatforms) = postSolution
		{FD4767F6-3876-49FC-9FF6-C1AA5A033640}.Debug|Any CPU.ActiveCfg = Debug|Any CPU
		{FD4767F6-3876-49FC-9FF6-C1AA5A033640}.Debug|Any CPU.Build.0 = Debug|Any CPU
		{FD4767F6-3876-49FC-9FF6-C1AA5A033640}.Release|Any CPU.ActiveCfg = Release|Any CPU
		{FD4767F6-3876-49FC-9FF6-C1AA5A033640}.Release|Any CPU.Build.0 = Release|Any CPU
	EndGlobalSection
	GlobalSection(SolutionProperties) = preSolution
		HideSolutionNode = FALSE
	EndGlobalSection
	GlobalSection(ExtensibilityGlobals) = postSolution
		SolutionGuid = {0EFF6A90-ED16-438A-B049-425A33633E50}
	EndGlobalSection
EndGlobal
