
Microsoft Visual Studio Solution File, Format Version 12.00
# Visual Studio Version 17
VisualStudioVersion = 17.1.32328.378
MinimumVisualStudioVersion = 10.0.40219.1
Project("{FAE04EC0-301F-11D3-BF4B-00C04F79EFBC}") = "CellulariConFile", "CellulariConFile.csproj", "{D73501D7-B84D-4201-A9EC-3D456B58713B}"
EndProject
Global
	GlobalSection(SolutionConfigurationPlatforms) = preSolution
		Debug|Any CPU = Debug|Any CPU
		Release|Any CPU = Release|Any CPU
	EndGlobalSection
	GlobalSection(ProjectConfigurationPlatforms) = postSolution
		{D73501D7-B84D-4201-A9EC-3D456B58713B}.Debug|Any CPU.ActiveCfg = Debug|Any CPU
		{D73501D7-B84D-4201-A9EC-3D456B58713B}.Debug|Any CPU.Build.0 = Debug|Any CPU
		{D73501D7-B84D-4201-A9EC-3D456B58713B}.Release|Any CPU.ActiveCfg = Release|Any CPU
		{D73501D7-B84D-4201-A9EC-3D456B58713B}.Release|Any CPU.Build.0 = Release|Any CPU
	EndGlobalSection
	GlobalSection(SolutionProperties) = preSolution
		HideSolutionNode = FALSE
	EndGlobalSection
	GlobalSection(ExtensibilityGlobals) = postSolution
		SolutionGuid = {7431B175-4570-4141-933B-3D6C99D4D4A6}
	EndGlobalSection
EndGlobal
