
Microsoft Visual Studio Solution File, Format Version 12.00
# Visual Studio Version 17
VisualStudioVersion = 17.1.32328.378
MinimumVisualStudioVersion = 10.0.40219.1
Project("{FAE04EC0-301F-11D3-BF4B-00C04F79EFBC}") = "ConcessionariaDecorator", "ConcessionariaDecorator.csproj", "{C41AA3DF-6ABA-452B-A96D-EC7ED0AE260B}"
EndProject
Global
	GlobalSection(SolutionConfigurationPlatforms) = preSolution
		Debug|Any CPU = Debug|Any CPU
		Release|Any CPU = Release|Any CPU
	EndGlobalSection
	GlobalSection(ProjectConfigurationPlatforms) = postSolution
		{C41AA3DF-6ABA-452B-A96D-EC7ED0AE260B}.Debug|Any CPU.ActiveCfg = Debug|Any CPU
		{C41AA3DF-6ABA-452B-A96D-EC7ED0AE260B}.Debug|Any CPU.Build.0 = Debug|Any CPU
		{C41AA3DF-6ABA-452B-A96D-EC7ED0AE260B}.Release|Any CPU.ActiveCfg = Release|Any CPU
		{C41AA3DF-6ABA-452B-A96D-EC7ED0AE260B}.Release|Any CPU.Build.0 = Release|Any CPU
	EndGlobalSection
	GlobalSection(SolutionProperties) = preSolution
		HideSolutionNode = FALSE
	EndGlobalSection
	GlobalSection(ExtensibilityGlobals) = postSolution
		SolutionGuid = {E98E84B6-5AF2-4F80-9E9A-ECDA50CF971C}
	EndGlobalSection
EndGlobal
